
Microsoft Visual Studio Solution File, Format Version 12.00
# Visual Studio Version 16
VisualStudioVersion = 16.0.29920.165
MinimumVisualStudioVersion = 10.0.40219.1
Project("{FAE04EC0-301F-11D3-BF4B-00C04F79EFBC}") = "ConsoleUp", "ConsoleUp.csproj", "{BCD1C128-0256-4AFB-A431-0A03667EB786}"
EndProject
Global
	GlobalSection(SolutionConfigurationPlatforms) = preSolution
		Debug|Any CPU = Debug|Any CPU
		Release|Any CPU = Release|Any CPU
	EndGlobalSection
	GlobalSection(ProjectConfigurationPlatforms) = postSolution
		{BCD1C128-0256-4AFB-A431-0A03667EB786}.Debug|Any CPU.ActiveCfg = Debug|Any CPU
		{BCD1C128-0256-4AFB-A431-0A03667EB786}.Debug|Any CPU.Build.0 = Debug|Any CPU
		{BCD1C128-0256-4AFB-A431-0A03667EB786}.Release|Any CPU.ActiveCfg = Release|Any CPU
		{BCD1C128-0256-4AFB-A431-0A03667EB786}.Release|Any CPU.Build.0 = Release|Any CPU
	EndGlobalSection
	GlobalSection(SolutionProperties) = preSolution
		HideSolutionNode = FALSE
	EndGlobalSection
	GlobalSection(ExtensibilityGlobals) = postSolution
		SolutionGuid = {891FDC38-6888-40AF-8BF5-67FFF4575DED}
	EndGlobalSection
EndGlobal
